
Microsoft Visual Studio Solution File, Format Version 12.00
# Visual Studio Version 16
VisualStudioVersion = 16.0.29806.167
MinimumVisualStudioVersion = 10.0.40219.1
Project("{FAE04EC0-301F-11D3-BF4B-00C04F79EFBC}") = "OlaMundo", "OlaMundo\OlaMundo.csproj", "{80A0A467-36B4-4AC2-8CC0-72196C5E24DD}"
EndProject
Project("{FAE04EC0-301F-11D3-BF4B-00C04F79EFBC}") = "OlaMundo2", "OlaMundo2\OlaMundo2.csproj", "{BA071A25-40BD-4384-AA94-55C8BFE84F85}"
EndProject
Project("{FAE04EC0-301F-11D3-BF4B-00C04F79EFBC}") = "MeuApp", "MeuApp\MeuApp.csproj", "{6244C0E8-35CC-4676-BD89-5E99332E92AA}"
EndProject
Project("{FAE04EC0-301F-11D3-BF4B-00C04F79EFBC}") = "SistemaBancario", "SistemaBancario\SistemaBancario.csproj", "{92253000-4A44-4258-A4CF-5C8B5A582E96}"
EndProject
Project("{FAE04EC0-301F-11D3-BF4B-00C04F79EFBC}") = "Estudos", "Estudos\Estudos.csproj", "{A750B313-73B3-4F8A-A93B-CDCF807A5290}"
EndProject
Project("{FAE04EC0-301F-11D3-BF4B-00C04F79EFBC}") = "Animais", "Animais\Animais.csproj", "{94B19841-2675-47D4-9D79-45592FD33709}"
EndProject
Project("{FAE04EC0-301F-11D3-BF4B-00C04F79EFBC}") = "MeiosDeTransporte", "MeiosDeTransporte\MeiosDeTransporte.csproj", "{D3B5A5F1-DC68-4B0F-AAAA-9D47E6B068F4}"
EndProject
Project("{FAE04EC0-301F-11D3-BF4B-00C04F79EFBC}") = "ADO", "ADO\ADO.csproj", "{D531EEAA-C873-4193-B28D-111DB9E63580}"
EndProject
Project("{FAE04EC0-301F-11D3-BF4B-00C04F79EFBC}") = "SistemaBancario.Utils", "SistemaBancario.Utils\SistemaBancario.Utils.csproj", "{68B62D06-4E08-4B9D-80ED-4416762FBCA1}"
EndProject
Project("{FAE04EC0-301F-11D3-BF4B-00C04F79EFBC}") = "SistemaBancario.Cripto", "SistemaBancario.Cripto\SistemaBancario.Cripto.csproj", "{9402581C-74CD-4155-9FC2-B2E4CD82FAC3}"
EndProject
Project("{FAE04EC0-301F-11D3-BF4B-00C04F79EFBC}") = "SistemaBancario.CaixaEletronico", "SistemaBancario.CaixaEletronico\SistemaBancario.CaixaEletronico.csproj", "{FA069FA7-74EC-4131-B089-FD9D67FC69F6}"
EndProject
Project("{FAE04EC0-301F-11D3-BF4B-00C04F79EFBC}") = "SistemaBancario.Core", "SistemaBancario.Core\SistemaBancario.Core.csproj", "{DB1648BA-8E52-4BCE-9B3E-0A8E49C7597F}"
EndProject
Global
	GlobalSection(SolutionConfigurationPlatforms) = preSolution
		Debug|Any CPU = Debug|Any CPU
		Release|Any CPU = Release|Any CPU
	EndGlobalSection
	GlobalSection(ProjectConfigurationPlatforms) = postSolution
		{80A0A467-36B4-4AC2-8CC0-72196C5E24DD}.Debug|Any CPU.ActiveCfg = Debug|Any CPU
		{80A0A467-36B4-4AC2-8CC0-72196C5E24DD}.Debug|Any CPU.Build.0 = Debug|Any CPU
		{80A0A467-36B4-4AC2-8CC0-72196C5E24DD}.Release|Any CPU.ActiveCfg = Release|Any CPU
		{80A0A467-36B4-4AC2-8CC0-72196C5E24DD}.Release|Any CPU.Build.0 = Release|Any CPU
		{BA071A25-40BD-4384-AA94-55C8BFE84F85}.Debug|Any CPU.ActiveCfg = Debug|Any CPU
		{BA071A25-40BD-4384-AA94-55C8BFE84F85}.Debug|Any CPU.Build.0 = Debug|Any CPU
		{BA071A25-40BD-4384-AA94-55C8BFE84F85}.Release|Any CPU.ActiveCfg = Release|Any CPU
		{BA071A25-40BD-4384-AA94-55C8BFE84F85}.Release|Any CPU.Build.0 = Release|Any CPU
		{6244C0E8-35CC-4676-BD89-5E99332E92AA}.Debug|Any CPU.ActiveCfg = Debug|Any CPU
		{6244C0E8-35CC-4676-BD89-5E99332E92AA}.Debug|Any CPU.Build.0 = Debug|Any CPU
		{6244C0E8-35CC-4676-BD89-5E99332E92AA}.Release|Any CPU.ActiveCfg = Release|Any CPU
		{6244C0E8-35CC-4676-BD89-5E99332E92AA}.Release|Any CPU.Build.0 = Release|Any CPU
		{92253000-4A44-4258-A4CF-5C8B5A582E96}.Debug|Any CPU.ActiveCfg = Debug|Any CPU
		{92253000-4A44-4258-A4CF-5C8B5A582E96}.Debug|Any CPU.Build.0 = Debug|Any CPU
		{92253000-4A44-4258-A4CF-5C8B5A582E96}.Release|Any CPU.ActiveCfg = Release|Any CPU
		{92253000-4A44-4258-A4CF-5C8B5A582E96}.Release|Any CPU.Build.0 = Release|Any CPU
		{A750B313-73B3-4F8A-A93B-CDCF807A5290}.Debug|Any CPU.ActiveCfg = Debug|Any CPU
		{A750B313-73B3-4F8A-A93B-CDCF807A5290}.Debug|Any CPU.Build.0 = Debug|Any CPU
		{A750B313-73B3-4F8A-A93B-CDCF807A5290}.Release|Any CPU.ActiveCfg = Release|Any CPU
		{A750B313-73B3-4F8A-A93B-CDCF807A5290}.Release|Any CPU.Build.0 = Release|Any CPU
		{94B19841-2675-47D4-9D79-45592FD33709}.Debug|Any CPU.ActiveCfg = Debug|Any CPU
		{94B19841-2675-47D4-9D79-45592FD33709}.Debug|Any CPU.Build.0 = Debug|Any CPU
		{94B19841-2675-47D4-9D79-45592FD33709}.Release|Any CPU.ActiveCfg = Release|Any CPU
		{94B19841-2675-47D4-9D79-45592FD33709}.Release|Any CPU.Build.0 = Release|Any CPU
		{D3B5A5F1-DC68-4B0F-AAAA-9D47E6B068F4}.Debug|Any CPU.ActiveCfg = Debug|Any CPU
		{D3B5A5F1-DC68-4B0F-AAAA-9D47E6B068F4}.Debug|Any CPU.Build.0 = Debug|Any CPU
		{D3B5A5F1-DC68-4B0F-AAAA-9D47E6B068F4}.Release|Any CPU.ActiveCfg = Release|Any CPU
		{D3B5A5F1-DC68-4B0F-AAAA-9D47E6B068F4}.Release|Any CPU.Build.0 = Release|Any CPU
		{D531EEAA-C873-4193-B28D-111DB9E63580}.Debug|Any CPU.ActiveCfg = Debug|Any CPU
		{D531EEAA-C873-4193-B28D-111DB9E63580}.Debug|Any CPU.Build.0 = Debug|Any CPU
		{D531EEAA-C873-4193-B28D-111DB9E63580}.Release|Any CPU.ActiveCfg = Release|Any CPU
		{D531EEAA-C873-4193-B28D-111DB9E63580}.Release|Any CPU.Build.0 = Release|Any CPU
		{68B62D06-4E08-4B9D-80ED-4416762FBCA1}.Debug|Any CPU.ActiveCfg = Debug|Any CPU
		{68B62D06-4E08-4B9D-80ED-4416762FBCA1}.Debug|Any CPU.Build.0 = Debug|Any CPU
		{68B62D06-4E08-4B9D-80ED-4416762FBCA1}.Release|Any CPU.ActiveCfg = Release|Any CPU
		{68B62D06-4E08-4B9D-80ED-4416762FBCA1}.Release|Any CPU.Build.0 = Release|Any CPU
		{9402581C-74CD-4155-9FC2-B2E4CD82FAC3}.Debug|Any CPU.ActiveCfg = Debug|Any CPU
		{9402581C-74CD-4155-9FC2-B2E4CD82FAC3}.Debug|Any CPU.Build.0 = Debug|Any CPU
		{9402581C-74CD-4155-9FC2-B2E4CD82FAC3}.Release|Any CPU.ActiveCfg = Release|Any CPU
		{9402581C-74CD-4155-9FC2-B2E4CD82FAC3}.Release|Any CPU.Build.0 = Release|Any CPU
		{FA069FA7-74EC-4131-B089-FD9D67FC69F6}.Debug|Any CPU.ActiveCfg = Debug|Any CPU
		{FA069FA7-74EC-4131-B089-FD9D67FC69F6}.Debug|Any CPU.Build.0 = Debug|Any CPU
		{FA069FA7-74EC-4131-B089-FD9D67FC69F6}.Release|Any CPU.ActiveCfg = Release|Any CPU
		{FA069FA7-74EC-4131-B089-FD9D67FC69F6}.Release|Any CPU.Build.0 = Release|Any CPU
		{DB1648BA-8E52-4BCE-9B3E-0A8E49C7597F}.Debug|Any CPU.ActiveCfg = Debug|Any CPU
		{DB1648BA-8E52-4BCE-9B3E-0A8E49C7597F}.Debug|Any CPU.Build.0 = Debug|Any CPU
		{DB1648BA-8E52-4BCE-9B3E-0A8E49C7597F}.Release|Any CPU.ActiveCfg = Release|Any CPU
		{DB1648BA-8E52-4BCE-9B3E-0A8E49C7597F}.Release|Any CPU.Build.0 = Release|Any CPU
	EndGlobalSection
	GlobalSection(SolutionProperties) = preSolution
		HideSolutionNode = FALSE
	EndGlobalSection
	GlobalSection(ExtensibilityGlobals) = postSolution
		SolutionGuid = {F8AA2A61-1D3F-4792-9208-22C024230E9B}
	EndGlobalSection
EndGlobal
